
Microsoft Visual Studio Solution File, Format Version 12.00
# Visual Studio Version 17
VisualStudioVersion = 17.14.37012.4 d17.14
MinimumVisualStudioVersion = 10.0.40219.1
Project("{FAE04EC0-301F-11D3-BF4B-00C04F79EFBC}") = "ExpenseTracker", "ExpenseTracker.csproj", "{F69915B1-106A-4BCD-92AB-C18D3F8B7732}"
EndProject
Project("{FAE04EC0-301F-11D3-BF4B-00C04F79EFBC}") = "ExpenseServices", "..\ExpenseServices\ExpenseServices.csproj", "{3E078ED2-BB16-4C19-9DAE-7EE48E606488}"
EndProject
Global
	GlobalSection(SolutionConfigurationPlatforms) = preSolution
		Debug|Any CPU = Debug|Any CPU
		Release|Any CPU = Release|Any CPU
	EndGlobalSection
	GlobalSection(ProjectConfigurationPlatforms) = postSolution
		{F69915B1-106A-4BCD-92AB-C18D3F8B7732}.Debug|Any CPU.ActiveCfg = Debug|Any CPU
		{F69915B1-106A-4BCD-92AB-C18D3F8B7732}.Debug|Any CPU.Build.0 = Debug|Any CPU
		{F69915B1-106A-4BCD-92AB-C18D3F8B7732}.Release|Any CPU.ActiveCfg = Release|Any CPU
		{F69915B1-106A-4BCD-92AB-C18D3F8B7732}.Release|Any CPU.Build.0 = Release|Any CPU
		{3E078ED2-BB16-4C19-9DAE-7EE48E606488}.Debug|Any CPU.ActiveCfg = Debug|Any CPU
		{3E078ED2-BB16-4C19-9DAE-7EE48E606488}.Debug|Any CPU.Build.0 = Debug|Any CPU
		{3E078ED2-BB16-4C19-9DAE-7EE48E606488}.Release|Any CPU.ActiveCfg = Release|Any CPU
		{3E078ED2-BB16-4C19-9DAE-7EE48E606488}.Release|Any CPU.Build.0 = Release|Any CPU
	EndGlobalSection
	GlobalSection(SolutionProperties) = preSolution
		HideSolutionNode = FALSE
	EndGlobalSection
	GlobalSection(ExtensibilityGlobals) = postSolution
		SolutionGuid = {EF32B678-645E-4BEB-B491-366C89EE7F79}
	EndGlobalSection
EndGlobal
